{
  "name": "nc-one-react-helpers",
  "version": "1.0.4",
  "lockfileVersion": 1,
  "requires": true,
  "dependencies": {
    "@fluentui/date-time-utilities": {
      "version": "8.0.2",
      "resolved": "https://registry.npmjs.org/@fluentui/date-time-utilities/-/date-time-utilities-8.0.2.tgz",
      "integrity": "sha512-1hZiupG2GSLny7b3Imw/OdSN0iUpLTE+I8R9uwlVNVE8zY3lW5Qk/Z99mgEC81FVy0NLC2KJJTS2gC1AqiFiig==",
      "dev": true,
      "requires": {
        "@fluentui/set-version": "^8.0.2",
        "tslib": "^1.10.0"
      }
    },
    "@fluentui/dom-utilities": {
      "version": "2.0.2",
      "resolved": "https://registry.npmjs.org/@fluentui/dom-utilities/-/dom-utilities-2.0.2.tgz",
      "integrity": "sha512-znfm3nDm1yalxsvBRCx5rvJjL/lLetmEttPnUsGTJYdZg/xM47o/vf15xHY7mk+H8GkZK7kDUjuBbzTwX/nSIw==",
      "dev": true,
      "requires": {
        "@fluentui/set-version": "^8.0.2",
        "tslib": "^1.10.0"
      }
    },
    "@fluentui/font-icons-mdl2": {
      "version": "8.0.4",
      "resolved": "https://registry.npmjs.org/@fluentui/font-icons-mdl2/-/font-icons-mdl2-8.0.4.tgz",
      "integrity": "sha512-2zFcA2g4//2HwI26XWhG7LuO2pZXVz+4FNWErN9+GS2QfXCYM8mvr0ndvMIT0LjMwBXfLF1uApaWltit2+rGag==",
      "dev": true,
      "requires": {
        "@fluentui/set-version": "^8.0.2",
        "@fluentui/style-utilities": "^8.0.4",
        "tslib": "^1.10.0"
      }
    },
    "@fluentui/foundation-legacy": {
      "version": "8.0.4",
      "resolved": "https://registry.npmjs.org/@fluentui/foundation-legacy/-/foundation-legacy-8.0.4.tgz",
      "integrity": "sha512-bVb6pXJut34oHzzG+Wx4IpY2KolvB0v9aaqY80vve8jpD9JgclTVHaDW8MllGJPuT1tgHfzEY7GJEWdahGnY4A==",
      "dev": true,
      "requires": {
        "@fluentui/merge-styles": "^8.0.3",
        "@fluentui/set-version": "^8.0.2",
        "@fluentui/style-utilities": "^8.0.4",
        "@fluentui/utilities": "^8.0.4",
        "tslib": "^1.10.0"
      }
    },
    "@fluentui/keyboard-key": {
      "version": "0.2.16",
      "resolved": "https://registry.npmjs.org/@fluentui/keyboard-key/-/keyboard-key-0.2.16.tgz",
      "integrity": "sha512-T4eQ0uqhbTScsoXVx10Tlp0C2RgNdAzlbe52qJ0Tn288/Nuztda5Z/aTCRd5Rp5MRYBycjAf4iNot6ZHAP864g==",
      "dev": true,
      "requires": {
        "tslib": "^1.10.0"
      }
    },
    "@fluentui/merge-styles": {
      "version": "8.0.3",
      "resolved": "https://registry.npmjs.org/@fluentui/merge-styles/-/merge-styles-8.0.3.tgz",
      "integrity": "sha512-PMwIzDxjlkjJ84x1PRqxVUlEVENq1axJAd+Ypbkb57/n74K4WPAbWELtxE7iDGQcnwsKLwUb4O9QpuOTeZbfSg==",
      "dev": true,
      "requires": {
        "@fluentui/set-version": "^8.0.2",
        "tslib": "^1.10.0"
      }
    },
    "@fluentui/react": {
      "version": "8.11.0",
      "resolved": "https://registry.npmjs.org/@fluentui/react/-/react-8.11.0.tgz",
      "integrity": "sha512-wRz9puTRJiuqzuBL0uwsl5ymceFkhZSAek/G4+9gKX/Yh6MFmtDafCqKeuAPdYgyR7CZjzEj5hfLt7Wu+gHXwQ==",
      "dev": true,
      "requires": {
        "@fluentui/date-time-utilities": "^8.0.2",
        "@fluentui/font-icons-mdl2": "^8.0.4",
        "@fluentui/foundation-legacy": "^8.0.4",
        "@fluentui/merge-styles": "^8.0.3",
        "@fluentui/react-focus": "^8.0.7",
        "@fluentui/react-hooks": "^8.1.2",
        "@fluentui/react-window-provider": "^2.0.2",
        "@fluentui/set-version": "^8.0.2",
        "@fluentui/style-utilities": "^8.0.4",
        "@fluentui/theme": "^2.0.4",
        "@fluentui/utilities": "^8.0.4",
        "@microsoft/load-themed-styles": "^1.10.26",
        "tslib": "^1.10.0"
      }
    },
    "@fluentui/react-focus": {
      "version": "8.0.7",
      "resolved": "https://registry.npmjs.org/@fluentui/react-focus/-/react-focus-8.0.7.tgz",
      "integrity": "sha512-9Ipr6kUtWDNJVUbC2iy5gbpypdPacuIl+OFUWvSA+FYAgQgLtNel3u1kLeacPLjqObC4ssk0VUXKDZLbPeGa/g==",
      "dev": true,
      "requires": {
        "@fluentui/keyboard-key": "^0.2.16",
        "@fluentui/merge-styles": "^8.0.3",
        "@fluentui/set-version": "^8.0.2",
        "@fluentui/style-utilities": "^8.0.4",
        "@fluentui/utilities": "^8.0.4",
        "tslib": "^1.10.0"
      }
    },
    "@fluentui/react-hooks": {
      "version": "8.1.2",
      "resolved": "https://registry.npmjs.org/@fluentui/react-hooks/-/react-hooks-8.1.2.tgz",
      "integrity": "sha512-fzbAw8hahmWx8KU57arM2P/ph7YbVrWeI9ELgehqv6Fs7fp70wdpOwfcaChxtFmNGsOkeHMQq4RTuIChyMaerA==",
      "dev": true,
      "requires": {
        "@fluentui/react-window-provider": "^2.0.2",
        "@fluentui/set-version": "^8.0.2",
        "@fluentui/utilities": "^8.0.4",
        "tslib": "^1.10.0"
      }
    },
    "@fluentui/react-window-provider": {
      "version": "2.0.2",
      "resolved": "https://registry.npmjs.org/@fluentui/react-window-provider/-/react-window-provider-2.0.2.tgz",
      "integrity": "sha512-8Z53XeOufjXCz7U3gaPjwsNbZeX9isCFH4JqA6ircricbvvNmt82qSePeMFn25hIh6YxhCDzpecREd+f2t4gpw==",
      "dev": true,
      "requires": {
        "@fluentui/set-version": "^8.0.2",
        "tslib": "^1.10.0"
      }
    },
    "@fluentui/set-version": {
      "version": "8.0.2",
      "resolved": "https://registry.npmjs.org/@fluentui/set-version/-/set-version-8.0.2.tgz",
      "integrity": "sha512-ni17OhmFqSy4YpWXIpXZzUmi5Ef/XEqS1mJFlQBYueIxkcF67I63puU9PWJEerB94BA1bFhr6eUY0q5CrfqvUg==",
      "dev": true,
      "requires": {
        "tslib": "^1.10.0"
      }
    },
    "@fluentui/style-utilities": {
      "version": "8.0.4",
      "resolved": "https://registry.npmjs.org/@fluentui/style-utilities/-/style-utilities-8.0.4.tgz",
      "integrity": "sha512-sAfE1Quo5fBlZFqM7epBRCf8CashrV1EDcbkq9biN1QfWMctaedTRxYXM3CZkMiJd714QDvdBRLAzXNLKROXsA==",
      "dev": true,
      "requires": {
        "@fluentui/merge-styles": "^8.0.3",
        "@fluentui/set-version": "^8.0.2",
        "@fluentui/theme": "^2.0.4",
        "@fluentui/utilities": "^8.0.4",
        "@microsoft/load-themed-styles": "^1.10.26",
        "tslib": "^1.10.0"
      }
    },
    "@fluentui/theme": {
      "version": "2.0.4",
      "resolved": "https://registry.npmjs.org/@fluentui/theme/-/theme-2.0.4.tgz",
      "integrity": "sha512-ywngcL3ZdENuEYi5am7D059sI0WLT0BReceOaIlAhfuilJtSTvgGQS+E2gvqCh1JRq1xxJAYaBtV+vs/2NmgYw==",
      "dev": true,
      "requires": {
        "@fluentui/merge-styles": "^8.0.3",
        "@fluentui/set-version": "^8.0.2",
        "@fluentui/utilities": "^8.0.4",
        "tslib": "^1.10.0"
      }
    },
    "@fluentui/utilities": {
      "version": "8.0.4",
      "resolved": "https://registry.npmjs.org/@fluentui/utilities/-/utilities-8.0.4.tgz",
      "integrity": "sha512-7eMsQEWTnzVt8UJuvCUxdH5TnLd3DCtopbQsuMGrOHcoUyFjUigKqpR8hczRFlXirvgr/68WknwZ8WGm932dug==",
      "dev": true,
      "requires": {
        "@fluentui/dom-utilities": "^2.0.2",
        "@fluentui/merge-styles": "^8.0.3",
        "@fluentui/set-version": "^8.0.2",
        "tslib": "^1.10.0"
      }
    },
    "@microsoft/load-themed-styles": {
      "version": "1.10.161",
      "resolved": "https://registry.npmjs.org/@microsoft/load-themed-styles/-/load-themed-styles-1.10.161.tgz",
      "integrity": "sha512-ReHtvRknb3iYVUPl4c2PDEUWp18Jzh5x5MQE9zqHtSvYzpG6TGCWaqVBHKablshELqHv0dMf69929RB6VXiqyA==",
      "dev": true
    },
    "@types/node": {
      "version": "14.14.41",
      "resolved": "https://registry.npmjs.org/@types/node/-/node-14.14.41.tgz",
      "integrity": "sha512-dueRKfaJL4RTtSa7bWeTK1M+VH+Gns73oCgzvYfHZywRCoPSd8EkXBL0mZ9unPTveBn+D9phZBaxuzpwjWkW0g==",
      "dev": true
    },
    "@types/prop-types": {
      "version": "15.7.3",
      "resolved": "https://registry.npmjs.org/@types/prop-types/-/prop-types-15.7.3.tgz",
      "integrity": "sha512-KfRL3PuHmqQLOG+2tGpRO26Ctg+Cq1E01D2DMriKEATHgWLfeNDmq9e29Q9WIky0dQ3NPkd1mzYH8Lm936Z9qw==",
      "dev": true
    },
    "@types/react": {
      "version": "17.0.3",
      "resolved": "https://registry.npmjs.org/@types/react/-/react-17.0.3.tgz",
      "integrity": "sha512-wYOUxIgs2HZZ0ACNiIayItyluADNbONl7kt8lkLjVK8IitMH5QMyAh75Fwhmo37r1m7L2JaFj03sIfxBVDvRAg==",
      "dev": true,
      "requires": {
        "@types/prop-types": "*",
        "@types/scheduler": "*",
        "csstype": "^3.0.2"
      }
    },
    "@types/scheduler": {
      "version": "0.16.1",
      "resolved": "https://registry.npmjs.org/@types/scheduler/-/scheduler-0.16.1.tgz",
      "integrity": "sha512-EaCxbanVeyxDRTQBkdLb3Bvl/HK7PBK6UJjsSixB0iHKoWxE5uu2Q/DgtpOhPIojN0Zl1whvOd7PoHs2P0s5eA==",
      "dev": true
    },
    "csstype": {
      "version": "3.0.7",
      "resolved": "https://registry.npmjs.org/csstype/-/csstype-3.0.7.tgz",
      "integrity": "sha512-KxnUB0ZMlnUWCsx2Z8MUsr6qV6ja1w9ArPErJaJaF8a5SOWoHLIszeCTKGRGRgtLgYrs1E8CHkNSP1VZTTPc9g==",
      "dev": true
    },
    "js-tokens": {
      "version": "4.0.0",
      "resolved": "https://registry.npmjs.org/js-tokens/-/js-tokens-4.0.0.tgz",
      "integrity": "sha512-RdJUflcE3cUzKiMqQgsCu06FPu9UdIJO0beYbPhHN4k6apgJtifcoCtT9bcxOpYBtpD2kCM6Sbzg4CausW/PKQ==",
      "dev": true
    },
    "loose-envify": {
      "version": "1.4.0",
      "resolved": "https://registry.npmjs.org/loose-envify/-/loose-envify-1.4.0.tgz",
      "integrity": "sha512-lyuxPGr/Wfhrlem2CL/UcnUc1zcqKAImBDzukY7Y5F/yQiNdko6+fRLevlw1HgMySw7f611UIY408EtxRSoK3Q==",
      "dev": true,
      "requires": {
        "js-tokens": "^3.0.0 || ^4.0.0"
      }
    },
    "mkdirp": {
      "version": "1.0.4",
      "resolved": "https://registry.npmjs.org/mkdirp/-/mkdirp-1.0.4.tgz",
      "integrity": "sha512-vVqVZQyf3WLx2Shd0qJ9xuvqgAyKPLAiqITEtqW0oIUjzo3PePDd6fW9iFz30ef7Ysp/oiWqbhszeGWW2T6Gzw==",
      "dev": true
    },
    "moment": {
      "version": "2.29.1",
      "resolved": "https://registry.npmjs.org/moment/-/moment-2.29.1.tgz",
      "integrity": "sha512-kHmoybcPV8Sqy59DwNDY3Jefr64lK/by/da0ViFcuA4DH0vQg5Q6Ze5VimxkfQNSC+Mls/Kx53s7TjP1RhFEDQ==",
      "dev": true
    },
    "object-assign": {
      "version": "4.1.1",
      "resolved": "https://registry.npmjs.org/object-assign/-/object-assign-4.1.1.tgz",
      "integrity": "sha1-IQmtx5ZYh8/AXLvUQsrIv7s2CGM=",
      "dev": true
    },
    "react": {
      "version": "17.0.2",
      "resolved": "https://registry.npmjs.org/react/-/react-17.0.2.tgz",
      "integrity": "sha512-gnhPt75i/dq/z3/6q/0asP78D0u592D5L1pd7M8P+dck6Fu/jJeL6iVVK23fptSUZj8Vjf++7wXA8UNclGQcbA==",
      "dev": true,
      "requires": {
        "loose-envify": "^1.1.0",
        "object-assign": "^4.1.1"
      }
    },
    "tslib": {
      "version": "1.14.1",
      "resolved": "https://registry.npmjs.org/tslib/-/tslib-1.14.1.tgz",
      "integrity": "sha512-Xni35NKzjgMrwevysHTCArtLDpPvye8zV/0E4EyYn43P7/7qvQwPh9BGkHewbMulVntbigmcT7rdX3BNo9wRJg==",
      "dev": true
    },
    "typescript": {
      "version": "4.2.4",
      "resolved": "https://registry.npmjs.org/typescript/-/typescript-4.2.4.tgz",
      "integrity": "sha512-V+evlYHZnQkaz8TRBuxTA92yZBPotr5H+WhQ7bD3hZUndx5tGOa1fuCgeSjxAzM1RiN5IzvadIXTVefuuwZCRg==",
      "dev": true
    }
  }
}
