# THIS IS AN AUTOGENERATED FILE. DO NOT EDIT THIS FILE DIRECTLY.
# yarn lockfile v1


"@fluentui/date-time-utilities@^8.0.2":
  version "8.0.2"
  resolved "https://registry.yarnpkg.com/@fluentui/date-time-utilities/-/date-time-utilities-8.0.2.tgz#efe63c7b8120874e2c4c3bf0e0810f7747a7cb38"
  integrity sha512-1hZiupG2GSLny7b3Imw/OdSN0iUpLTE+I8R9uwlVNVE8zY3lW5Qk/Z99mgEC81FVy0NLC2KJJTS2gC1AqiFiig==
  dependencies:
    "@fluentui/set-version" "^8.0.2"
    tslib "^1.10.0"

"@fluentui/dom-utilities@^2.0.2":
  version "2.0.2"
  resolved "https://registry.yarnpkg.com/@fluentui/dom-utilities/-/dom-utilities-2.0.2.tgz#bfdef18061662b9bd8a71d262626f3bf0a8aff04"
  integrity sha512-znfm3nDm1yalxsvBRCx5rvJjL/lLetmEttPnUsGTJYdZg/xM47o/vf15xHY7mk+H8GkZK7kDUjuBbzTwX/nSIw==
  dependencies:
    "@fluentui/set-version" "^8.0.2"
    tslib "^1.10.0"

"@fluentui/font-icons-mdl2@^8.0.4":
  version "8.0.4"
  resolved "https://registry.yarnpkg.com/@fluentui/font-icons-mdl2/-/font-icons-mdl2-8.0.4.tgz#78f80f511e0d33acdfceecdf84bfadb4c8a3ad73"
  integrity sha512-2zFcA2g4//2HwI26XWhG7LuO2pZXVz+4FNWErN9+GS2QfXCYM8mvr0ndvMIT0LjMwBXfLF1uApaWltit2+rGag==
  dependencies:
    "@fluentui/set-version" "^8.0.2"
    "@fluentui/style-utilities" "^8.0.4"
    tslib "^1.10.0"

"@fluentui/foundation-legacy@^8.0.4":
  version "8.0.4"
  resolved "https://registry.yarnpkg.com/@fluentui/foundation-legacy/-/foundation-legacy-8.0.4.tgz#b33fac5cb29516d1d8af938010110df5df84d827"
  integrity sha512-bVb6pXJut34oHzzG+Wx4IpY2KolvB0v9aaqY80vve8jpD9JgclTVHaDW8MllGJPuT1tgHfzEY7GJEWdahGnY4A==
  dependencies:
    "@fluentui/merge-styles" "^8.0.3"
    "@fluentui/set-version" "^8.0.2"
    "@fluentui/style-utilities" "^8.0.4"
    "@fluentui/utilities" "^8.0.4"
    tslib "^1.10.0"

"@fluentui/keyboard-key@^0.2.16":
  version "0.2.16"
  resolved "https://registry.yarnpkg.com/@fluentui/keyboard-key/-/keyboard-key-0.2.16.tgz#958d0308403c4f045e9c9496e21039ffd2e88485"
  integrity sha512-T4eQ0uqhbTScsoXVx10Tlp0C2RgNdAzlbe52qJ0Tn288/Nuztda5Z/aTCRd5Rp5MRYBycjAf4iNot6ZHAP864g==
  dependencies:
    tslib "^1.10.0"

"@fluentui/merge-styles@^8.0.3":
  version "8.0.3"
  resolved "https://registry.yarnpkg.com/@fluentui/merge-styles/-/merge-styles-8.0.3.tgz#5522a32de8c603aae1727c32e2bc9ac0f8639906"
  integrity sha512-PMwIzDxjlkjJ84x1PRqxVUlEVENq1axJAd+Ypbkb57/n74K4WPAbWELtxE7iDGQcnwsKLwUb4O9QpuOTeZbfSg==
  dependencies:
    "@fluentui/set-version" "^8.0.2"
    tslib "^1.10.0"

"@fluentui/react-focus@^8.0.7":
  version "8.0.7"
  resolved "https://registry.yarnpkg.com/@fluentui/react-focus/-/react-focus-8.0.7.tgz#e9a195d711ea47c55fbd760ea8e06063062583a5"
  integrity sha512-9Ipr6kUtWDNJVUbC2iy5gbpypdPacuIl+OFUWvSA+FYAgQgLtNel3u1kLeacPLjqObC4ssk0VUXKDZLbPeGa/g==
  dependencies:
    "@fluentui/keyboard-key" "^0.2.16"
    "@fluentui/merge-styles" "^8.0.3"
    "@fluentui/set-version" "^8.0.2"
    "@fluentui/style-utilities" "^8.0.4"
    "@fluentui/utilities" "^8.0.4"
    tslib "^1.10.0"

"@fluentui/react-hooks@^8.1.2":
  version "8.1.2"
  resolved "https://registry.yarnpkg.com/@fluentui/react-hooks/-/react-hooks-8.1.2.tgz#0075aa90fb50dd3f945aca5b8a9efdc49352aae6"
  integrity sha512-fzbAw8hahmWx8KU57arM2P/ph7YbVrWeI9ELgehqv6Fs7fp70wdpOwfcaChxtFmNGsOkeHMQq4RTuIChyMaerA==
  dependencies:
    "@fluentui/react-window-provider" "^2.0.2"
    "@fluentui/set-version" "^8.0.2"
    "@fluentui/utilities" "^8.0.4"
    tslib "^1.10.0"

"@fluentui/react-window-provider@^2.0.2":
  version "2.0.2"
  resolved "https://registry.yarnpkg.com/@fluentui/react-window-provider/-/react-window-provider-2.0.2.tgz#40fec8584ac03555a95c6b80f2c29b53b4b80bc1"
  integrity sha512-8Z53XeOufjXCz7U3gaPjwsNbZeX9isCFH4JqA6ircricbvvNmt82qSePeMFn25hIh6YxhCDzpecREd+f2t4gpw==
  dependencies:
    "@fluentui/set-version" "^8.0.2"
    tslib "^1.10.0"

"@fluentui/react@^8.11.0":
  version "8.11.1"
  resolved "https://registry.yarnpkg.com/@fluentui/react/-/react-8.11.1.tgz#8e64549342eab1d27927bd5f46e48be4c08e500d"
  integrity sha512-CJUtNTdwkpSut5qdfJGQwfZVaJb39qCXoTqSQOG98w2SEnPPblmnWJzzQZp9H3NoSYuTMqPPPpqAWevBYSVXSQ==
  dependencies:
    "@fluentui/date-time-utilities" "^8.0.2"
    "@fluentui/font-icons-mdl2" "^8.0.4"
    "@fluentui/foundation-legacy" "^8.0.4"
    "@fluentui/merge-styles" "^8.0.3"
    "@fluentui/react-focus" "^8.0.7"
    "@fluentui/react-hooks" "^8.1.2"
    "@fluentui/react-window-provider" "^2.0.2"
    "@fluentui/set-version" "^8.0.2"
    "@fluentui/style-utilities" "^8.0.4"
    "@fluentui/theme" "^2.0.4"
    "@fluentui/utilities" "^8.0.4"
    "@microsoft/load-themed-styles" "^1.10.26"
    tslib "^1.10.0"

"@fluentui/set-version@^8.0.2":
  version "8.0.2"
  resolved "https://registry.yarnpkg.com/@fluentui/set-version/-/set-version-8.0.2.tgz#bfe96874592dc321cc9d6f58cace640c0d0aa2e4"
  integrity sha512-ni17OhmFqSy4YpWXIpXZzUmi5Ef/XEqS1mJFlQBYueIxkcF67I63puU9PWJEerB94BA1bFhr6eUY0q5CrfqvUg==
  dependencies:
    tslib "^1.10.0"

"@fluentui/style-utilities@^8.0.4":
  version "8.0.4"
  resolved "https://registry.yarnpkg.com/@fluentui/style-utilities/-/style-utilities-8.0.4.tgz#a16a6657f3d6b337d9355316fa2341f3502fa782"
  integrity sha512-sAfE1Quo5fBlZFqM7epBRCf8CashrV1EDcbkq9biN1QfWMctaedTRxYXM3CZkMiJd714QDvdBRLAzXNLKROXsA==
  dependencies:
    "@fluentui/merge-styles" "^8.0.3"
    "@fluentui/set-version" "^8.0.2"
    "@fluentui/theme" "^2.0.4"
    "@fluentui/utilities" "^8.0.4"
    "@microsoft/load-themed-styles" "^1.10.26"
    tslib "^1.10.0"

"@fluentui/theme@^2.0.4":
  version "2.0.4"
  resolved "https://registry.yarnpkg.com/@fluentui/theme/-/theme-2.0.4.tgz#6b63943758733c2879ab0878c0df8c9a2ca56bff"
  integrity sha512-ywngcL3ZdENuEYi5am7D059sI0WLT0BReceOaIlAhfuilJtSTvgGQS+E2gvqCh1JRq1xxJAYaBtV+vs/2NmgYw==
  dependencies:
    "@fluentui/merge-styles" "^8.0.3"
    "@fluentui/set-version" "^8.0.2"
    "@fluentui/utilities" "^8.0.4"
    tslib "^1.10.0"

"@fluentui/utilities@^8.0.4":
  version "8.0.4"
  resolved "https://registry.yarnpkg.com/@fluentui/utilities/-/utilities-8.0.4.tgz#d64a088200acec40c0796d1b2d19091ba6aae2f6"
  integrity sha512-7eMsQEWTnzVt8UJuvCUxdH5TnLd3DCtopbQsuMGrOHcoUyFjUigKqpR8hczRFlXirvgr/68WknwZ8WGm932dug==
  dependencies:
    "@fluentui/dom-utilities" "^2.0.2"
    "@fluentui/merge-styles" "^8.0.3"
    "@fluentui/set-version" "^8.0.2"
    tslib "^1.10.0"

"@microsoft/load-themed-styles@^1.10.26":
  version "1.10.161"
  resolved "https://registry.yarnpkg.com/@microsoft/load-themed-styles/-/load-themed-styles-1.10.161.tgz#623ad19a05ae234312ad334182b5e3b3da6fa04d"
  integrity sha512-ReHtvRknb3iYVUPl4c2PDEUWp18Jzh5x5MQE9zqHtSvYzpG6TGCWaqVBHKablshELqHv0dMf69929RB6VXiqyA==

"@types/node@^14.14.41":
  version "14.14.41"
  resolved "https://registry.yarnpkg.com/@types/node/-/node-14.14.41.tgz#d0b939d94c1d7bd53d04824af45f1139b8c45615"
  integrity sha512-dueRKfaJL4RTtSa7bWeTK1M+VH+Gns73oCgzvYfHZywRCoPSd8EkXBL0mZ9unPTveBn+D9phZBaxuzpwjWkW0g==

"@types/prop-types@*":
  version "15.7.3"
  resolved "https://registry.yarnpkg.com/@types/prop-types/-/prop-types-15.7.3.tgz#2ab0d5da2e5815f94b0b9d4b95d1e5f243ab2ca7"
  integrity sha512-KfRL3PuHmqQLOG+2tGpRO26Ctg+Cq1E01D2DMriKEATHgWLfeNDmq9e29Q9WIky0dQ3NPkd1mzYH8Lm936Z9qw==

"@types/react@^17.0.3":
  version "17.0.3"
  resolved "https://registry.yarnpkg.com/@types/react/-/react-17.0.3.tgz#ba6e215368501ac3826951eef2904574c262cc79"
  integrity sha512-wYOUxIgs2HZZ0ACNiIayItyluADNbONl7kt8lkLjVK8IitMH5QMyAh75Fwhmo37r1m7L2JaFj03sIfxBVDvRAg==
  dependencies:
    "@types/prop-types" "*"
    "@types/scheduler" "*"
    csstype "^3.0.2"

"@types/scheduler@*":
  version "0.16.1"
  resolved "https://registry.yarnpkg.com/@types/scheduler/-/scheduler-0.16.1.tgz#18845205e86ff0038517aab7a18a62a6b9f71275"
  integrity sha512-EaCxbanVeyxDRTQBkdLb3Bvl/HK7PBK6UJjsSixB0iHKoWxE5uu2Q/DgtpOhPIojN0Zl1whvOd7PoHs2P0s5eA==

csstype@^3.0.2:
  version "3.0.8"
  resolved "https://registry.yarnpkg.com/csstype/-/csstype-3.0.8.tgz#d2266a792729fb227cd216fb572f43728e1ad340"
  integrity sha512-jXKhWqXPmlUeoQnF/EhTtTl4C9SnrxSH/jZUih3jmO6lBKr99rP3/+FmrMj4EFpOXzMtXHAZkd3x0E6h6Fgflw==

"js-tokens@^3.0.0 || ^4.0.0":
  version "4.0.0"
  resolved "https://registry.yarnpkg.com/js-tokens/-/js-tokens-4.0.0.tgz#19203fb59991df98e3a287050d4647cdeaf32499"
  integrity sha512-RdJUflcE3cUzKiMqQgsCu06FPu9UdIJO0beYbPhHN4k6apgJtifcoCtT9bcxOpYBtpD2kCM6Sbzg4CausW/PKQ==

loose-envify@^1.1.0:
  version "1.4.0"
  resolved "https://registry.yarnpkg.com/loose-envify/-/loose-envify-1.4.0.tgz#71ee51fa7be4caec1a63839f7e682d8132d30caf"
  integrity sha512-lyuxPGr/Wfhrlem2CL/UcnUc1zcqKAImBDzukY7Y5F/yQiNdko6+fRLevlw1HgMySw7f611UIY408EtxRSoK3Q==
  dependencies:
    js-tokens "^3.0.0 || ^4.0.0"

moment@^2.29.1:
  version "2.29.1"
  resolved "https://registry.yarnpkg.com/moment/-/moment-2.29.1.tgz#b2be769fa31940be9eeea6469c075e35006fa3d3"
  integrity sha512-kHmoybcPV8Sqy59DwNDY3Jefr64lK/by/da0ViFcuA4DH0vQg5Q6Ze5VimxkfQNSC+Mls/Kx53s7TjP1RhFEDQ==

object-assign@^4.1.1:
  version "4.1.1"
  resolved "https://registry.yarnpkg.com/object-assign/-/object-assign-4.1.1.tgz#2109adc7965887cfc05cbbd442cac8bfbb360863"
  integrity sha1-IQmtx5ZYh8/AXLvUQsrIv7s2CGM=

react@^17.0.2:
  version "17.0.2"
  resolved "https://registry.yarnpkg.com/react/-/react-17.0.2.tgz#d0b5cc516d29eb3eee383f75b62864cfb6800037"
  integrity sha512-gnhPt75i/dq/z3/6q/0asP78D0u592D5L1pd7M8P+dck6Fu/jJeL6iVVK23fptSUZj8Vjf++7wXA8UNclGQcbA==
  dependencies:
    loose-envify "^1.1.0"
    object-assign "^4.1.1"

tslib@^1.10.0:
  version "1.14.1"
  resolved "https://registry.yarnpkg.com/tslib/-/tslib-1.14.1.tgz#cf2d38bdc34a134bcaf1091c41f6619e2f672d00"
  integrity sha512-Xni35NKzjgMrwevysHTCArtLDpPvye8zV/0E4EyYn43P7/7qvQwPh9BGkHewbMulVntbigmcT7rdX3BNo9wRJg==

typescript@^4.2.4:
  version "4.2.4"
  resolved "https://registry.yarnpkg.com/typescript/-/typescript-4.2.4.tgz#8610b59747de028fda898a8aef0e103f156d0961"
  integrity sha512-V+evlYHZnQkaz8TRBuxTA92yZBPotr5H+WhQ7bD3hZUndx5tGOa1fuCgeSjxAzM1RiN5IzvadIXTVefuuwZCRg==
